
Microsoft Visual Studio Solution File, Format Version 12.00
# Visual Studio Version 17
VisualStudioVersion = 17.9.34607.119
MinimumVisualStudioVersion = 10.0.40219.1
Project("{FAE04EC0-301F-11D3-BF4B-00C04F79EFBC}") = "NeonTetra.Api", "NeonTetra.Api\NeonTetra.Api.csproj", "{5F467D1F-C8A8-4D92-B4F7-E58D77E4BEDA}"
EndProject
Project("{FAE04EC0-301F-11D3-BF4B-00C04F79EFBC}") = "NeonTetra.Data", "NeonTetra.Data\NeonTetra.Data.csproj", "{3DA0C95E-EEB6-4364-B3FA-EAC09B64B2E8}"
EndProject
Project("{FAE04EC0-301F-11D3-BF4B-00C04F79EFBC}") = "NeonTetra.Domain", "NeonTetra.Domain\NeonTetra.Domain.csproj", "{33841B55-E2DA-4580-81CA-E7602EA3185C}"
EndProject
Project("{FAE04EC0-301F-11D3-BF4B-00C04F79EFBC}") = "NeonTetra.Services", "NeonTetra.Services\NeonTetra.Services.csproj", "{C276BEA1-B4EC-4715-8756-9B06887EF928}"
EndProject
Global
	GlobalSection(SolutionConfigurationPlatforms) = preSolution
		Debug|Any CPU = Debug|Any CPU
		Release|Any CPU = Release|Any CPU
	EndGlobalSection
	GlobalSection(ProjectConfigurationPlatforms) = postSolution
		{5F467D1F-C8A8-4D92-B4F7-E58D77E4BEDA}.Debug|Any CPU.ActiveCfg = Debug|Any CPU
		{5F467D1F-C8A8-4D92-B4F7-E58D77E4BEDA}.Debug|Any CPU.Build.0 = Debug|Any CPU
		{5F467D1F-C8A8-4D92-B4F7-E58D77E4BEDA}.Release|Any CPU.ActiveCfg = Release|Any CPU
		{5F467D1F-C8A8-4D92-B4F7-E58D77E4BEDA}.Release|Any CPU.Build.0 = Release|Any CPU
		{3DA0C95E-EEB6-4364-B3FA-EAC09B64B2E8}.Debug|Any CPU.ActiveCfg = Debug|Any CPU
		{3DA0C95E-EEB6-4364-B3FA-EAC09B64B2E8}.Debug|Any CPU.Build.0 = Debug|Any CPU
		{3DA0C95E-EEB6-4364-B3FA-EAC09B64B2E8}.Release|Any CPU.ActiveCfg = Release|Any CPU
		{3DA0C95E-EEB6-4364-B3FA-EAC09B64B2E8}.Release|Any CPU.Build.0 = Release|Any CPU
		{33841B55-E2DA-4580-81CA-E7602EA3185C}.Debug|Any CPU.ActiveCfg = Debug|Any CPU
		{33841B55-E2DA-4580-81CA-E7602EA3185C}.Debug|Any CPU.Build.0 = Debug|Any CPU
		{33841B55-E2DA-4580-81CA-E7602EA3185C}.Release|Any CPU.ActiveCfg = Release|Any CPU
		{33841B55-E2DA-4580-81CA-E7602EA3185C}.Release|Any CPU.Build.0 = Release|Any CPU
		{C276BEA1-B4EC-4715-8756-9B06887EF928}.Debug|Any CPU.ActiveCfg = Debug|Any CPU
		{C276BEA1-B4EC-4715-8756-9B06887EF928}.Debug|Any CPU.Build.0 = Debug|Any CPU
		{C276BEA1-B4EC-4715-8756-9B06887EF928}.Release|Any CPU.ActiveCfg = Release|Any CPU
		{C276BEA1-B4EC-4715-8756-9B06887EF928}.Release|Any CPU.Build.0 = Release|Any CPU
	EndGlobalSection
	GlobalSection(SolutionProperties) = preSolution
		HideSolutionNode = FALSE
	EndGlobalSection
	GlobalSection(ExtensibilityGlobals) = postSolution
		SolutionGuid = {48C13ECE-B26D-4B5C-9E72-E7736334DBF4}
	EndGlobalSection
EndGlobal
